
Microsoft Visual Studio Solution File, Format Version 12.00
# Visual Studio Version 16
VisualStudioVersion = 16.0.29709.97
MinimumVisualStudioVersion = 10.0.40219.1
Project("{FAE04EC0-301F-11D3-BF4B-00C04F79EFBC}") = "Virtuace_TrainProject", "Virtuace_TrainProject\Virtuace_TrainProject.csproj", "{47FF4A50-71EC-44F6-BFF5-37FB3CF247D5}"
EndProject
Global
	GlobalSection(SolutionConfigurationPlatforms) = preSolution
		Debug|Any CPU = Debug|Any CPU
		Release|Any CPU = Release|Any CPU
	EndGlobalSection
	GlobalSection(ProjectConfigurationPlatforms) = postSolution
		{47FF4A50-71EC-44F6-BFF5-37FB3CF247D5}.Debug|Any CPU.ActiveCfg = Debug|Any CPU
		{47FF4A50-71EC-44F6-BFF5-37FB3CF247D5}.Debug|Any CPU.Build.0 = Debug|Any CPU
		{47FF4A50-71EC-44F6-BFF5-37FB3CF247D5}.Release|Any CPU.ActiveCfg = Release|Any CPU
		{47FF4A50-71EC-44F6-BFF5-37FB3CF247D5}.Release|Any CPU.Build.0 = Release|Any CPU
	EndGlobalSection
	GlobalSection(SolutionProperties) = preSolution
		HideSolutionNode = FALSE
	EndGlobalSection
	GlobalSection(ExtensibilityGlobals) = postSolution
		SolutionGuid = {F2C8C4FD-547F-4B58-8401-DBECB7AFB7E5}
	EndGlobalSection
EndGlobal
